
Microsoft Visual Studio Solution File, Format Version 12.00
# Visual Studio 15
VisualStudioVersion = 15.0.27703.2042
MinimumVisualStudioVersion = 10.0.40219.1
Project("{FAE04EC0-301F-11D3-BF4B-00C04F79EFBC}") = "SumowanieSzeregowPotegowych", "SumowanieSzeregowPotegowych\SumowanieSzeregowPotegowych.csproj", "{62486B1A-116C-46AD-B1EA-30FE36FF038E}"
EndProject
Global
	GlobalSection(SolutionConfigurationPlatforms) = preSolution
		Debug|Any CPU = Debug|Any CPU
		Release|Any CPU = Release|Any CPU
	EndGlobalSection
	GlobalSection(ProjectConfigurationPlatforms) = postSolution
		{62486B1A-116C-46AD-B1EA-30FE36FF038E}.Debug|Any CPU.ActiveCfg = Debug|Any CPU
		{62486B1A-116C-46AD-B1EA-30FE36FF038E}.Debug|Any CPU.Build.0 = Debug|Any CPU
		{62486B1A-116C-46AD-B1EA-30FE36FF038E}.Release|Any CPU.ActiveCfg = Release|Any CPU
		{62486B1A-116C-46AD-B1EA-30FE36FF038E}.Release|Any CPU.Build.0 = Release|Any CPU
	EndGlobalSection
	GlobalSection(SolutionProperties) = preSolution
		HideSolutionNode = FALSE
	EndGlobalSection
	GlobalSection(ExtensibilityGlobals) = postSolution
		SolutionGuid = {4721B612-93D4-42E3-A0C9-DA920EF09E92}
	EndGlobalSection
EndGlobal
